
Microsoft Visual Studio Solution File, Format Version 12.00
# Visual Studio Version 17
VisualStudioVersion = 17.11.35327.3
MinimumVisualStudioVersion = 10.0.40219.1
Project("{FAE04EC0-301F-11D3-BF4B-00C04F79EFBC}") = "TrainMilo", "TrainMilo.csproj", "{0F41E94F-D0FA-4F85-AF78-58FE1F1D5CDE}"
EndProject
Global
	GlobalSection(SolutionConfigurationPlatforms) = preSolution
		Debug|Any CPU = Debug|Any CPU
		Release|Any CPU = Release|Any CPU
	EndGlobalSection
	GlobalSection(ProjectConfigurationPlatforms) = postSolution
		{0F41E94F-D0FA-4F85-AF78-58FE1F1D5CDE}.Debug|Any CPU.ActiveCfg = Debug|Any CPU
		{0F41E94F-D0FA-4F85-AF78-58FE1F1D5CDE}.Debug|Any CPU.Build.0 = Debug|Any CPU
		{0F41E94F-D0FA-4F85-AF78-58FE1F1D5CDE}.Release|Any CPU.ActiveCfg = Release|Any CPU
		{0F41E94F-D0FA-4F85-AF78-58FE1F1D5CDE}.Release|Any CPU.Build.0 = Release|Any CPU
	EndGlobalSection
	GlobalSection(SolutionProperties) = preSolution
		HideSolutionNode = FALSE
	EndGlobalSection
	GlobalSection(ExtensibilityGlobals) = postSolution
		SolutionGuid = {FA8F3725-3C5D-4F69-A0E0-2E9AD784FFF5}
	EndGlobalSection
EndGlobal
